# This file is autogenerated, do not edit; changes may be undone by the next 'dep ensure'.


[[projects]]
  branch = "master"
  name = "github.com/crowi/go-crowi"
  packages = ["."]
  revision = "ef04e39ae1ac4a907cd5e9a12f3ca29243157ec6"

[[projects]]
  branch = "master"
  name = "golang.org/x/net"
  packages = [
    "context",
    "context/ctxhttp"
  ]
  revision = "2491c5de3490fced2f6cff376127c667efeed857"

[solve-meta]
  analyzer-name = "dep"
  analyzer-version = 1
  inputs-digest = "43c97706177189b81eabe8efd1529473d4caf408e14bf2fc45d8124ed78448e6"
  solver-name = "gps-cdcl"
  solver-version = 1
